github.com/cixtor/readability v1.0.0 h1:6YZo0JJsxt4Xor9lYpln3eSJeuQGukxIBois9wpQI6g=
github.com/cixtor/readability v1.0.0/go.mod h1:WDrZcthrR2RVDxfMu3q0q59UKhReo5mIZAM6w1+MgFo=
golang.org/x/net v0.13.0 h1:Nvo8UFsZ8X3BhAC9699Z1j7XQ3rsZnUUm7jfBEk1ueY=
golang.org/x/net v0.13.0/go.mod h1:zEVYFnQC7m/vmpQFELhcD1EWkZlX69l4oqgmer6hfKA=
